
Microsoft Visual Studio Solution File, Format Version 12.00
# Visual Studio Version 17
VisualStudioVersion = 17.8.34316.72
MinimumVisualStudioVersion = 10.0.40219.1
Project("{FAE04EC0-301F-11D3-BF4B-00C04F79EFBC}") = "SISTEMAAPI", "SISTEMAAPI\SISTEMAAPI.csproj", "{6C63B837-8509-4C31-B1FC-FF8E21E6435D}"
EndProject
Project("{FAE04EC0-301F-11D3-BF4B-00C04F79EFBC}") = "SISTEMAVENTA.DAL", "SISTEMADAL\SISTEMAVENTA.DAL.csproj", "{1FDAE37A-5AF5-45A3-B489-28701C5141E0}"
EndProject
Project("{FAE04EC0-301F-11D3-BF4B-00C04F79EFBC}") = "SITEMAVENTA.BLL", "SITEMABLL\SITEMAVENTA.BLL.csproj", "{ED52E0E4-41EF-4C9F-8B2C-FE2C841A8338}"
EndProject
Project("{FAE04EC0-301F-11D3-BF4B-00C04F79EFBC}") = "SISTEMAVENTA.MODEL", "SISTEMAMODEL\SISTEMAVENTA.MODEL.csproj", "{418D4C63-F7FE-4EF7-8EC5-ADAF3FAACE45}"
EndProject
Project("{FAE04EC0-301F-11D3-BF4B-00C04F79EFBC}") = "SISTEMAVENTA.IOC", "SISTEMAVENTA.IOC\SISTEMAVENTA.IOC.csproj", "{3FFF7935-C079-4173-B512-9462DF91FBAF}"
EndProject
Project("{FAE04EC0-301F-11D3-BF4B-00C04F79EFBC}") = "SISTEMAVENTA.DTO", "SISTEMAVENTA.DTO\SISTEMAVENTA.DTO.csproj", "{6737A69B-E6E9-4BCC-9586-9729BD567538}"
EndProject
Project("{FAE04EC0-301F-11D3-BF4B-00C04F79EFBC}") = "SISTEMAVENTA.UTILITY", "SISTEMAVENTA.UTILITY\SISTEMAVENTA.UTILITY.csproj", "{C1BBAD0E-16DE-4FC9-BCC6-94ABEF46AFC7}"
EndProject
Global
	GlobalSection(SolutionConfigurationPlatforms) = preSolution
		Debug|Any CPU = Debug|Any CPU
		Release|Any CPU = Release|Any CPU
	EndGlobalSection
	GlobalSection(ProjectConfigurationPlatforms) = postSolution
		{6C63B837-8509-4C31-B1FC-FF8E21E6435D}.Debug|Any CPU.ActiveCfg = Debug|Any CPU
		{6C63B837-8509-4C31-B1FC-FF8E21E6435D}.Debug|Any CPU.Build.0 = Debug|Any CPU
		{6C63B837-8509-4C31-B1FC-FF8E21E6435D}.Release|Any CPU.ActiveCfg = Release|Any CPU
		{6C63B837-8509-4C31-B1FC-FF8E21E6435D}.Release|Any CPU.Build.0 = Release|Any CPU
		{1FDAE37A-5AF5-45A3-B489-28701C5141E0}.Debug|Any CPU.ActiveCfg = Debug|Any CPU
		{1FDAE37A-5AF5-45A3-B489-28701C5141E0}.Debug|Any CPU.Build.0 = Debug|Any CPU
		{1FDAE37A-5AF5-45A3-B489-28701C5141E0}.Release|Any CPU.ActiveCfg = Release|Any CPU
		{1FDAE37A-5AF5-45A3-B489-28701C5141E0}.Release|Any CPU.Build.0 = Release|Any CPU
		{ED52E0E4-41EF-4C9F-8B2C-FE2C841A8338}.Debug|Any CPU.ActiveCfg = Debug|Any CPU
		{ED52E0E4-41EF-4C9F-8B2C-FE2C841A8338}.Debug|Any CPU.Build.0 = Debug|Any CPU
		{ED52E0E4-41EF-4C9F-8B2C-FE2C841A8338}.Release|Any CPU.ActiveCfg = Release|Any CPU
		{ED52E0E4-41EF-4C9F-8B2C-FE2C841A8338}.Release|Any CPU.Build.0 = Release|Any CPU
		{418D4C63-F7FE-4EF7-8EC5-ADAF3FAACE45}.Debug|Any CPU.ActiveCfg = Debug|Any CPU
		{418D4C63-F7FE-4EF7-8EC5-ADAF3FAACE45}.Debug|Any CPU.Build.0 = Debug|Any CPU
		{418D4C63-F7FE-4EF7-8EC5-ADAF3FAACE45}.Release|Any CPU.ActiveCfg = Release|Any CPU
		{418D4C63-F7FE-4EF7-8EC5-ADAF3FAACE45}.Release|Any CPU.Build.0 = Release|Any CPU
		{3FFF7935-C079-4173-B512-9462DF91FBAF}.Debug|Any CPU.ActiveCfg = Debug|Any CPU
		{3FFF7935-C079-4173-B512-9462DF91FBAF}.Debug|Any CPU.Build.0 = Debug|Any CPU
		{3FFF7935-C079-4173-B512-9462DF91FBAF}.Release|Any CPU.ActiveCfg = Release|Any CPU
		{3FFF7935-C079-4173-B512-9462DF91FBAF}.Release|Any CPU.Build.0 = Release|Any CPU
		{6737A69B-E6E9-4BCC-9586-9729BD567538}.Debug|Any CPU.ActiveCfg = Debug|Any CPU
		{6737A69B-E6E9-4BCC-9586-9729BD567538}.Debug|Any CPU.Build.0 = Debug|Any CPU
		{6737A69B-E6E9-4BCC-9586-9729BD567538}.Release|Any CPU.ActiveCfg = Release|Any CPU
		{6737A69B-E6E9-4BCC-9586-9729BD567538}.Release|Any CPU.Build.0 = Release|Any CPU
		{C1BBAD0E-16DE-4FC9-BCC6-94ABEF46AFC7}.Debug|Any CPU.ActiveCfg = Debug|Any CPU
		{C1BBAD0E-16DE-4FC9-BCC6-94ABEF46AFC7}.Debug|Any CPU.Build.0 = Debug|Any CPU
		{C1BBAD0E-16DE-4FC9-BCC6-94ABEF46AFC7}.Release|Any CPU.ActiveCfg = Release|Any CPU
		{C1BBAD0E-16DE-4FC9-BCC6-94ABEF46AFC7}.Release|Any CPU.Build.0 = Release|Any CPU
	EndGlobalSection
	GlobalSection(SolutionProperties) = preSolution
		HideSolutionNode = FALSE
	EndGlobalSection
	GlobalSection(ExtensibilityGlobals) = postSolution
		SolutionGuid = {20E0CBA9-82B1-4629-B710-8CD430B98ABA}
	EndGlobalSection
EndGlobal
